Microsoft Visual Studio Solution File, Format Version 12.00
# Visual Studio Version 17
VisualStudioVersion = 17.5.2.0
MinimumVisualStudioVersion = 10.0.40219.1
Project("{FAE04EC0-301F-11D3-BF4B-00C04F79EFBC}") = "McpClient", "McpClient.csproj", "{CE15A1A3-8943-304E-5D5F-4074E03E69AD}"
EndProject
Global
	GlobalSection(SolutionConfigurationPlatforms) = preSolution
		Debug|Any CPU = Debug|Any CPU
		Release|Any CPU = Release|Any CPU
	EndGlobalSection
	GlobalSection(ProjectConfigurationPlatforms) = postSolution
		{CE15A1A3-8943-304E-5D5F-4074E03E69AD}.Debug|Any CPU.ActiveCfg = Debug|Any CPU
		{CE15A1A3-8943-304E-5D5F-4074E03E69AD}.Debug|Any CPU.Build.0 = Debug|Any CPU
		{CE15A1A3-8943-304E-5D5F-4074E03E69AD}.Release|Any CPU.ActiveCfg = Release|Any CPU
		{CE15A1A3-8943-304E-5D5F-4074E03E69AD}.Release|Any CPU.Build.0 = Release|Any CPU
	EndGlobalSection
	GlobalSection(SolutionProperties) = preSolution
		HideSolutionNode = FALSE
	EndGlobalSection
	GlobalSection(ExtensibilityGlobals) = postSolution
		SolutionGuid = {C82D1062-DBBC-4435-99E4-C76C5DC3CADA}
	EndGlobalSection
EndGlobal
