
Microsoft Visual Studio Solution File, Format Version 12.00
# Visual Studio Version 17
VisualStudioVersion = 17.14.36616.10
MinimumVisualStudioVersion = 10.0.40219.1
Project("{FAE04EC0-301F-11D3-BF4B-00C04F79EFBC}") = "SimpleAgent", "SimpleAgent\SimpleAgent.csproj", "{FB987DAF-0D31-4A97-A1A7-7EAB038A7691}"
EndProject
Project("{FAE04EC0-301F-11D3-BF4B-00C04F79EFBC}") = "AgentAsMCP", "AgentAsMCP\AgentAsMCP.csproj", "{CB247F8E-3AA9-4319-9248-3FC0489787B3}"
EndProject
Project("{FAE04EC0-301F-11D3-BF4B-00C04F79EFBC}") = "McpClientSamples", "McpClient\McpClientSamples.csproj", "{7B384884-6F0C-4C92-9618-FF9389625D67}"
EndProject
Project("{FAE04EC0-301F-11D3-BF4B-00C04F79EFBC}") = "Agent.Shared", "Agent.Shared\Agent.Shared.csproj", "{6B6D4126-06F4-D4E3-A876-687061863C36}"
EndProject
Project("{FAE04EC0-301F-11D3-BF4B-00C04F79EFBC}") = "AgentA2A", "AgentA2A\AgentA2A.csproj", "{F3988329-E205-459F-8F94-B854C997602B}"
EndProject
Global
	GlobalSection(SolutionConfigurationPlatforms) = preSolution
		Debug|Any CPU = Debug|Any CPU
		Release|Any CPU = Release|Any CPU
	EndGlobalSection
	GlobalSection(ProjectConfigurationPlatforms) = postSolution
		{FB987DAF-0D31-4A97-A1A7-7EAB038A7691}.Debug|Any CPU.ActiveCfg = Debug|Any CPU
		{FB987DAF-0D31-4A97-A1A7-7EAB038A7691}.Debug|Any CPU.Build.0 = Debug|Any CPU
		{FB987DAF-0D31-4A97-A1A7-7EAB038A7691}.Release|Any CPU.ActiveCfg = Release|Any CPU
		{FB987DAF-0D31-4A97-A1A7-7EAB038A7691}.Release|Any CPU.Build.0 = Release|Any CPU
		{CB247F8E-3AA9-4319-9248-3FC0489787B3}.Debug|Any CPU.ActiveCfg = Debug|Any CPU
		{CB247F8E-3AA9-4319-9248-3FC0489787B3}.Debug|Any CPU.Build.0 = Debug|Any CPU
		{CB247F8E-3AA9-4319-9248-3FC0489787B3}.Release|Any CPU.ActiveCfg = Release|Any CPU
		{CB247F8E-3AA9-4319-9248-3FC0489787B3}.Release|Any CPU.Build.0 = Release|Any CPU
		{7B384884-6F0C-4C92-9618-FF9389625D67}.Debug|Any CPU.ActiveCfg = Debug|Any CPU
		{7B384884-6F0C-4C92-9618-FF9389625D67}.Debug|Any CPU.Build.0 = Debug|Any CPU
		{7B384884-6F0C-4C92-9618-FF9389625D67}.Release|Any CPU.ActiveCfg = Release|Any CPU
		{7B384884-6F0C-4C92-9618-FF9389625D67}.Release|Any CPU.Build.0 = Release|Any CPU
		{6B6D4126-06F4-D4E3-A876-687061863C36}.Debug|Any CPU.ActiveCfg = Debug|Any CPU
		{6B6D4126-06F4-D4E3-A876-687061863C36}.Debug|Any CPU.Build.0 = Debug|Any CPU
		{6B6D4126-06F4-D4E3-A876-687061863C36}.Release|Any CPU.ActiveCfg = Release|Any CPU
		{6B6D4126-06F4-D4E3-A876-687061863C36}.Release|Any CPU.Build.0 = Release|Any CPU
		{F3988329-E205-459F-8F94-B854C997602B}.Debug|Any CPU.ActiveCfg = Debug|Any CPU
		{F3988329-E205-459F-8F94-B854C997602B}.Debug|Any CPU.Build.0 = Debug|Any CPU
		{F3988329-E205-459F-8F94-B854C997602B}.Release|Any CPU.ActiveCfg = Release|Any CPU
		{F3988329-E205-459F-8F94-B854C997602B}.Release|Any CPU.Build.0 = Release|Any CPU
	EndGlobalSection
	GlobalSection(SolutionProperties) = preSolution
		HideSolutionNode = FALSE
	EndGlobalSection
	GlobalSection(ExtensibilityGlobals) = postSolution
		SolutionGuid = {47F7746F-FD38-47CD-BD6E-8BF0D8055FCC}
	EndGlobalSection
EndGlobal
